
Microsoft Visual Studio Solution File, Format Version 11.00
# Visual Studio 2010
Project("{FAE04EC0-301F-11D3-BF4B-00C04F79EFBC}") = "ListsInstallation", "ListsInstallation\ListsInstallation.csproj", "{3B03AF10-AEB1-489C-A1EB-53D8B983EEF7}"
EndProject
Project("{FAE04EC0-301F-11D3-BF4B-00C04F79EFBC}") = "InstallHelper", "InstallHelper\InstallHelper.csproj", "{6FB6DAD7-4543-4AED-BF3E-7353544471F3}"
EndProject
Project("{FAE04EC0-301F-11D3-BF4B-00C04F79EFBC}") = "TranslatorHttpModule", "TranslatorHttpModule\TranslatorHttpModule.csproj", "{5792BD97-0672-4132-A2BC-92A4A092BEE0}"
EndProject
Project("{FAE04EC0-301F-11D3-BF4B-00C04F79EFBC}") = "TranslatorManagement", "TranslatorManagement\TranslatorManagement.csproj", "{469A5264-ED09-4228-8A49-E2FAABCD519C}"
EndProject
Project("{FAE04EC0-301F-11D3-BF4B-00C04F79EFBC}") = "CreateGUIDEvent", "CreateGUIDEvent\CreateGUIDEvent.csproj", "{652600D6-822E-44A8-90F3-CC989051DE4B}"
EndProject
Project("{FAE04EC0-301F-11D3-BF4B-00C04F79EFBC}") = "CheckDefaultLangEvent", "CheckDefaultLangEvent\CheckDefaultLangEvent.csproj", "{B354E00A-F4B6-475F-98DF-B60756307D2A}"
EndProject
Project("{FAE04EC0-301F-11D3-BF4B-00C04F79EFBC}") = "TranslatorUninstall", "TranslatorUninstall\TranslatorUninstall.csproj", "{5D75FDD7-2268-4F5E-BC4C-62B14F53AA28}"
EndProject
Project("{FAE04EC0-301F-11D3-BF4B-00C04F79EFBC}") = "Translator2009Installer", "Translator2009Installer\Translator2009Installer.csproj", "{60575A50-FE6E-4A6A-96F6-37520D78AD2F}"
	ProjectSection(ProjectDependencies) = postProject
		{DBBDE506-98B6-4BB3-BC5A-7FFD707A4F47} = {DBBDE506-98B6-4BB3-BC5A-7FFD707A4F47}
		{115F2F07-F262-4E84-B033-8E6AAAE87B08} = {115F2F07-F262-4E84-B033-8E6AAAE87B08}
		{B354E00A-F4B6-475F-98DF-B60756307D2A} = {B354E00A-F4B6-475F-98DF-B60756307D2A}
		{3B03AF10-AEB1-489C-A1EB-53D8B983EEF7} = {3B03AF10-AEB1-489C-A1EB-53D8B983EEF7}
		{16A3DF17-FD2A-4A9A-8F3C-746F02B533BC} = {16A3DF17-FD2A-4A9A-8F3C-746F02B533BC}
		{D24B2124-8DF4-42FE-904B-2F4F70BD5439} = {D24B2124-8DF4-42FE-904B-2F4F70BD5439}
		{26770738-9D81-42DB-9108-FC3B3FD20138} = {26770738-9D81-42DB-9108-FC3B3FD20138}
		{655E573C-DB5D-4C1C-8822-D157E7BEED9A} = {655E573C-DB5D-4C1C-8822-D157E7BEED9A}
		{14AFCB40-0E0C-4F87-A7E5-B4176FD58B05} = {14AFCB40-0E0C-4F87-A7E5-B4176FD58B05}
		{A085D848-35B0-4941-AF53-FAE39D548894} = {A085D848-35B0-4941-AF53-FAE39D548894}
		{26B44355-9993-4535-BCD0-498910CDAB09} = {26B44355-9993-4535-BCD0-498910CDAB09}
		{469A5264-ED09-4228-8A49-E2FAABCD519C} = {469A5264-ED09-4228-8A49-E2FAABCD519C}
		{5792BD97-0672-4132-A2BC-92A4A092BEE0} = {5792BD97-0672-4132-A2BC-92A4A092BEE0}
		{652600D6-822E-44A8-90F3-CC989051DE4B} = {652600D6-822E-44A8-90F3-CC989051DE4B}
		{5D75FDD7-2268-4F5E-BC4C-62B14F53AA28} = {5D75FDD7-2268-4F5E-BC4C-62B14F53AA28}
	EndProjectSection
EndProject
Project("{FAE04EC0-301F-11D3-BF4B-00C04F79EFBC}") = "ReloadCacheEvent", "ReloadCacheEvent\ReloadCacheEvent.csproj", "{16A3DF17-FD2A-4A9A-8F3C-746F02B533BC}"
EndProject
Project("{FAE04EC0-301F-11D3-BF4B-00C04F79EFBC}") = "UpdateItemAutoTranslation", "UpdateItemAutoTranslation\UpdateItemAutoTranslation.csproj", "{D24B2124-8DF4-42FE-904B-2F4F70BD5439}"
EndProject
Project("{FAE04EC0-301F-11D3-BF4B-00C04F79EFBC}") = "TranslationsExtractor", "Extractor\Extractor\Extractor\TranslationsExtractor.csproj", "{14AFCB40-0E0C-4F87-A7E5-B4176FD58B05}"
EndProject
Project("{FAE04EC0-301F-11D3-BF4B-00C04F79EFBC}") = "InstallHelperConsole", "InstallHelperConsole\InstallHelperConsole.csproj", "{655E573C-DB5D-4C1C-8822-D157E7BEED9A}"
EndProject
Project("{FAE04EC0-301F-11D3-BF4B-00C04F79EFBC}") = "ApplicationFeatures", "ApplicationFeatures\ApplicationFeatures.csproj", "{26770738-9D81-42DB-9108-FC3B3FD20138}"
	ProjectSection(ProjectDependencies) = postProject
		{0A8EA2EE-DB7B-4098-BC75-C6225B465AF2} = {0A8EA2EE-DB7B-4098-BC75-C6225B465AF2}
	EndProjectSection
EndProject
Project("{FAE04EC0-301F-11D3-BF4B-00C04F79EFBC}") = "Translator.Common.Library", "Translator.Common.Library\Translator.Common.Library.csproj", "{AE314842-2360-461C-8F95-0D815FDC58D5}"
EndProject
Project("{FAE04EC0-301F-11D3-BF4B-00C04F79EFBC}") = "ModuleTestProject", "ModuleTestProject\ModuleTestProject.csproj", "{8B74A53F-54E0-4B2F-A07C-FCABCB80CBEF}"
EndProject
Project("{FAE04EC0-301F-11D3-BF4B-00C04F79EFBC}") = "Alphamosaik.Common.Library", "Alphamosaik.Common.Library\Alphamosaik.Common.Library.csproj", "{26B44355-9993-4535-BCD0-498910CDAB09}"
EndProject
Project("{FAE04EC0-301F-11D3-BF4B-00C04F79EFBC}") = "UnitTestProject", "UnitTestProject\UnitTestProject.csproj", "{C03FE105-9D4F-466D-A924-D027858BA71B}"
EndProject
Project("{FAE04EC0-301F-11D3-BF4B-00C04F79EFBC}") = "GenerateLicenseApplication", "GenerateLicenseApplication\GenerateLicenseApplication.csproj", "{4EA909E1-74F2-48CC-BB02-3E45C2BA8D20}"
EndProject
Project("{FAE04EC0-301F-11D3-BF4B-00C04F79EFBC}") = "Alphamosaik.Common.SharePoint.Library", "Alphamosaik.Common.SharePoint.Library\Alphamosaik.Common.SharePoint.Library.csproj", "{115F2F07-F262-4E84-B033-8E6AAAE87B08}"
EndProject
Project("{FAE04EC0-301F-11D3-BF4B-00C04F79EFBC}") = "Alphamosaik.Oceanik.Caching", "Alphamosaik.Oceanik.Caching\Alphamosaik.Oceanik.Caching.csproj", "{A085D848-35B0-4941-AF53-FAE39D548894}"
EndProject
Project("{FAE04EC0-301F-11D3-BF4B-00C04F79EFBC}") = "InstallOceanikCachingHelper", "InstallOceanikCachingHelper\InstallOceanikCachingHelper.csproj", "{DBBDE506-98B6-4BB3-BC5A-7FFD707A4F47}"
EndProject
Project("{FAE04EC0-301F-11D3-BF4B-00C04F79EFBC}") = "Alphamosaik.Oceanik.Sdk", "Alphamosaik.Oceanik.Sdk\Alphamosaik.Oceanik.Sdk.csproj", "{0A8EA2EE-DB7B-4098-BC75-C6225B465AF2}"
EndProject
Project("{FAE04EC0-301F-11D3-BF4B-00C04F79EFBC}") = "Alphamosaik.Oceanik.AutomaticTranslation", "Alphamosaik.Oceanik.AutomaticTranslation\Alphamosaik.Oceanik.AutomaticTranslation.csproj", "{5BF6B9AC-3CAE-424B-9985-E960028374FD}"
EndProject
Project("{FAE04EC0-301F-11D3-BF4B-00C04F79EFBC}") = "Oceanik.CQWP.WebPart", "Oceanik.CQWP.WebPart\Oceanik.CQWP.WebPart\Oceanik.CQWP.WebPart.csproj", "{C1D239AD-4EB1-45D5-B629-587EC222A7D9}"
EndProject
Project("{FAE04EC0-301F-11D3-BF4B-00C04F79EFBC}") = "Oceanik.Systran.Setting", "Alphamosaik.Oceanik.Systran.Setting\Alphamosaik.Oceanik.Systran.Setting\Alphamosaik.Oceanik.Systran.Setting\Oceanik.Systran.Setting.csproj", "{2463A542-0154-42D2-AE4A-CC7F581CBA65}"
EndProject
Project("{FAE04EC0-301F-11D3-BF4B-00C04F79EFBC}") = "OceanikTests", "OceanikTests\OceanikTests.csproj", "{978CEA6E-048A-4EEA-BDE8-D932B87E9569}"
EndProject
Project("{FAE04EC0-301F-11D3-BF4B-00C04F79EFBC}") = "Alphamosaik.Oceanik.AlertNotifyHandler", "Alphamosaik.Oceanik.AlertNotifyHandler\Alphamosaik.Oceanik.AlertNotifyHandler.csproj", "{3EE59839-748B-4A4D-A3AE-A6655159B751}"
EndProject
Global
	GlobalSection(TeamFoundationVersionControl) = preSolution
		SccNumberOfProjects = 28
		SccEnterpriseProvider = {4CA58AB2-18FA-4F8D-95D4-32DDF27D184C}
		SccTeamFoundationServer = https://alphatfs.alphamosaik.com:8088/tfs/tfs2008
		SccLocalPath0 = .
		SccProjectUniqueName1 = ListsInstallation\\ListsInstallation.csproj
		SccProjectName1 = ListsInstallation
		SccLocalPath1 = ListsInstallation
		SccProjectUniqueName2 = InstallHelper\\InstallHelper.csproj
		SccProjectName2 = InstallHelper
		SccLocalPath2 = InstallHelper
		SccProjectUniqueName3 = TranslatorHttpModule\\TranslatorHttpModule.csproj
		SccProjectName3 = TranslatorHttpModule
		SccLocalPath3 = TranslatorHttpModule
		SccProjectUniqueName4 = TranslatorManagement\\TranslatorManagement.csproj
		SccProjectName4 = TranslatorManagement
		SccLocalPath4 = TranslatorManagement
		SccProjectUniqueName5 = CreateGUIDEvent\\CreateGUIDEvent.csproj
		SccProjectName5 = CreateGUIDEvent
		SccLocalPath5 = CreateGUIDEvent
		SccProjectUniqueName6 = CheckDefaultLangEvent\\CheckDefaultLangEvent.csproj
		SccProjectName6 = CheckDefaultLangEvent
		SccLocalPath6 = CheckDefaultLangEvent
		SccProjectUniqueName7 = TranslatorUninstall\\TranslatorUninstall.csproj
		SccProjectName7 = TranslatorUninstall
		SccLocalPath7 = TranslatorUninstall
		SccProjectUniqueName8 = Translator2009Installer\\Translator2009Installer.csproj
		SccProjectName8 = Translator2009Installer
		SccLocalPath8 = Translator2009Installer
		SccProjectUniqueName9 = ReloadCacheEvent\\ReloadCacheEvent.csproj
		SccProjectName9 = ReloadCacheEvent
		SccLocalPath9 = ReloadCacheEvent
		SccProjectUniqueName10 = UpdateItemAutoTranslation\\UpdateItemAutoTranslation.csproj
		SccProjectName10 = UpdateItemAutoTranslation
		SccLocalPath10 = UpdateItemAutoTranslation
		SccProjectUniqueName11 = Extractor\\Extractor\\Extractor\\TranslationsExtractor.csproj
		SccLocalPath11 = .
		SccProjectFilePathRelativizedFromConnection11 = Extractor\\Extractor\\Extractor\\
		SccProjectUniqueName12 = InstallHelperConsole\\InstallHelperConsole.csproj
		SccProjectName12 = InstallHelperConsole
		SccLocalPath12 = InstallHelperConsole
		SccProjectUniqueName13 = ApplicationFeatures\\ApplicationFeatures.csproj
		SccProjectName13 = ApplicationFeatures
		SccLocalPath13 = ApplicationFeatures
		SccProjectUniqueName14 = Translator.Common.Library\\Translator.Common.Library.csproj
		SccProjectName14 = Translator.Common.Library
		SccLocalPath14 = Translator.Common.Library
		SccProjectUniqueName15 = ModuleTestProject\\ModuleTestProject.csproj
		SccProjectName15 = ModuleTestProject
		SccLocalPath15 = ModuleTestProject
		SccProjectUniqueName16 = UnitTestProject\\UnitTestProject.csproj
		SccProjectName16 = UnitTestProject
		SccLocalPath16 = UnitTestProject
		SccProjectUniqueName17 = GenerateLicenseApplication\\GenerateLicenseApplication.csproj
		SccProjectName17 = GenerateLicenseApplication
		SccLocalPath17 = GenerateLicenseApplication
		SccProjectUniqueName18 = Alphamosaik.Oceanik.Caching\\Alphamosaik.Oceanik.Caching.csproj
		SccProjectName18 = Alphamosaik.Oceanik.Caching
		SccLocalPath18 = Alphamosaik.Oceanik.Caching
		SccProjectUniqueName19 = InstallOceanikCachingHelper\\InstallOceanikCachingHelper.csproj
		SccProjectName19 = InstallOceanikCachingHelper
		SccLocalPath19 = InstallOceanikCachingHelper
		SccProjectUniqueName20 = Alphamosaik.Oceanik.Sdk\\Alphamosaik.Oceanik.Sdk.csproj
		SccProjectName20 = Alphamosaik.Oceanik.Sdk
		SccLocalPath20 = Alphamosaik.Oceanik.Sdk
		SccProjectUniqueName21 = Alphamosaik.Oceanik.AutomaticTranslation\\Alphamosaik.Oceanik.AutomaticTranslation.csproj
		SccProjectName21 = Alphamosaik.Oceanik.AutomaticTranslation
		SccLocalPath21 = Alphamosaik.Oceanik.AutomaticTranslation
		SccProjectUniqueName22 = Oceanik.CQWP.WebPart\\Oceanik.CQWP.WebPart\\Oceanik.CQWP.WebPart.csproj
		SccProjectName22 = Oceanik.CQWP.WebPart/Oceanik.CQWP.WebPart
		SccLocalPath22 = Oceanik.CQWP.WebPart\\Oceanik.CQWP.WebPart
		SccProjectUniqueName23 = Alphamosaik.Oceanik.Systran.Setting\\Alphamosaik.Oceanik.Systran.Setting\\Alphamosaik.Oceanik.Systran.Setting\\Oceanik.Systran.Setting.csproj
		SccProjectName23 = Alphamosaik.Oceanik.Systran.Setting/Alphamosaik.Oceanik.Systran.Setting/Alphamosaik.Oceanik.Systran.Setting
		SccLocalPath23 = Alphamosaik.Oceanik.Systran.Setting\\Alphamosaik.Oceanik.Systran.Setting\\Alphamosaik.Oceanik.Systran.Setting
		SccProjectUniqueName24 = ..\\..\\..\\Common\\Main\\source\\Alphamosaik.Common.Library\\Alphamosaik.Common.Library\\Alphamosaik.Common.Library.csproj
		SccProjectName24 = ../../../Common/Main/source/Alphamosaik.Common.Library/Alphamosaik.Common.Library
		SccLocalPath24 = ..\\..\\..\\Common\\Main\\source\\Alphamosaik.Common.Library\\Alphamosaik.Common.Library
		SccProjectUniqueName25 = ..\\..\\..\\Common\\Main\\source\\Alphamosaik.Common.SharePoint.Library\\Alphamosaik.Common.SharePoint.Library.csproj
		SccProjectName25 = ../../../Common/Main/source/Alphamosaik.Common.SharePoint.Library
		SccLocalPath25 = ..\\..\\..\\Common\\Main\\source\\Alphamosaik.Common.SharePoint.Library
		SccProjectUniqueName26 = OceanikTests\\OceanikTests.csproj
		SccProjectName26 = OceanikTests
		SccLocalPath26 = OceanikTests
		SccProjectUniqueName27 = Alphamosaik.Oceanik.AlertNotifyHandler\\Alphamosaik.Oceanik.AlertNotifyHandler.csproj
		SccProjectName27 = Alphamosaik.Oceanik.AlertNotifyHandler
		SccLocalPath27 = Alphamosaik.Oceanik.AlertNotifyHandler
	EndGlobalSection
	GlobalSection(SolutionConfigurationPlatforms) = preSolution
		Debug|Any CPU = Debug|Any CPU
		Debug|Itanium = Debug|Itanium
		Debug|Mixed Platforms = Debug|Mixed Platforms
		Debug|x64 = Debug|x64
		Debug|x86 = Debug|x86
		Release|Any CPU = Release|Any CPU
		Release|Itanium = Release|Itanium
		Release|Mixed Platforms = Release|Mixed Platforms
		Release|x64 = Release|x64
		Release|x86 = Release|x86
	EndGlobalSection
	GlobalSection(ProjectConfigurationPlatforms) = postSolution
		{3B03AF10-AEB1-489C-A1EB-53D8B983EEF7}.Debug|Any CPU.ActiveCfg = Debug|Any CPU
		{3B03AF10-AEB1-489C-A1EB-53D8B983EEF7}.Debug|Any CPU.Build.0 = Debug|Any CPU
		{3B03AF10-AEB1-489C-A1EB-53D8B983EEF7}.Debug|Itanium.ActiveCfg = Debug|x64
		{3B03AF10-AEB1-489C-A1EB-53D8B983EEF7}.Debug|Mixed Platforms.ActiveCfg = Debug|Any CPU
		{3B03AF10-AEB1-489C-A1EB-53D8B983EEF7}.Debug|Mixed Platforms.Build.0 = Debug|Any CPU
		{3B03AF10-AEB1-489C-A1EB-53D8B983EEF7}.Debug|x64.ActiveCfg = Debug|x64
		{3B03AF10-AEB1-489C-A1EB-53D8B983EEF7}.Debug|x64.Build.0 = Debug|x64
		{3B03AF10-AEB1-489C-A1EB-53D8B983EEF7}.Debug|x86.ActiveCfg = Debug|x64
		{3B03AF10-AEB1-489C-A1EB-53D8B983EEF7}.Release|Any CPU.ActiveCfg = Release|Any CPU
		{3B03AF10-AEB1-489C-A1EB-53D8B983EEF7}.Release|Any CPU.Build.0 = Release|Any CPU
		{3B03AF10-AEB1-489C-A1EB-53D8B983EEF7}.Release|Itanium.ActiveCfg = Release|x64
		{3B03AF10-AEB1-489C-A1EB-53D8B983EEF7}.Release|Mixed Platforms.ActiveCfg = Release|Any CPU
		{3B03AF10-AEB1-489C-A1EB-53D8B983EEF7}.Release|Mixed Platforms.Build.0 = Release|Any CPU
		{3B03AF10-AEB1-489C-A1EB-53D8B983EEF7}.Release|x64.ActiveCfg = Release|x64
		{3B03AF10-AEB1-489C-A1EB-53D8B983EEF7}.Release|x64.Build.0 = Release|x64
		{3B03AF10-AEB1-489C-A1EB-53D8B983EEF7}.Release|x86.ActiveCfg = Release|x64
		{6FB6DAD7-4543-4AED-BF3E-7353544471F3}.Debug|Any CPU.ActiveCfg = Debug|Any CPU
		{6FB6DAD7-4543-4AED-BF3E-7353544471F3}.Debug|Any CPU.Build.0 = Debug|Any CPU
		{6FB6DAD7-4543-4AED-BF3E-7353544471F3}.Debug|Itanium.ActiveCfg = Debug|x64
		{6FB6DAD7-4543-4AED-BF3E-7353544471F3}.Debug|Mixed Platforms.ActiveCfg = Debug|Any CPU
		{6FB6DAD7-4543-4AED-BF3E-7353544471F3}.Debug|Mixed Platforms.Build.0 = Debug|Any CPU
		{6FB6DAD7-4543-4AED-BF3E-7353544471F3}.Debug|x64.ActiveCfg = Debug|x64
		{6FB6DAD7-4543-4AED-BF3E-7353544471F3}.Debug|x64.Build.0 = Debug|x64
		{6FB6DAD7-4543-4AED-BF3E-7353544471F3}.Debug|x86.ActiveCfg = Debug|x64
		{6FB6DAD7-4543-4AED-BF3E-7353544471F3}.Release|Any CPU.ActiveCfg = Release|Any CPU
		{6FB6DAD7-4543-4AED-BF3E-7353544471F3}.Release|Any CPU.Build.0 = Release|Any CPU
		{6FB6DAD7-4543-4AED-BF3E-7353544471F3}.Release|Itanium.ActiveCfg = Release|x64
		{6FB6DAD7-4543-4AED-BF3E-7353544471F3}.Release|Mixed Platforms.ActiveCfg = Release|Any CPU
		{6FB6DAD7-4543-4AED-BF3E-7353544471F3}.Release|Mixed Platforms.Build.0 = Release|Any CPU
		{6FB6DAD7-4543-4AED-BF3E-7353544471F3}.Release|x64.ActiveCfg = Release|x64
		{6FB6DAD7-4543-4AED-BF3E-7353544471F3}.Release|x64.Build.0 = Release|x64
		{6FB6DAD7-4543-4AED-BF3E-7353544471F3}.Release|x86.ActiveCfg = Release|x64
		{5792BD97-0672-4132-A2BC-92A4A092BEE0}.Debug|Any CPU.ActiveCfg = Debug|Any CPU
		{5792BD97-0672-4132-A2BC-92A4A092BEE0}.Debug|Any CPU.Build.0 = Debug|Any CPU
		{5792BD97-0672-4132-A2BC-92A4A092BEE0}.Debug|Itanium.ActiveCfg = Debug|x64
		{5792BD97-0672-4132-A2BC-92A4A092BEE0}.Debug|Mixed Platforms.ActiveCfg = Debug|Any CPU
		{5792BD97-0672-4132-A2BC-92A4A092BEE0}.Debug|Mixed Platforms.Build.0 = Debug|Any CPU
		{5792BD97-0672-4132-A2BC-92A4A092BEE0}.Debug|x64.ActiveCfg = Debug|x64
		{5792BD97-0672-4132-A2BC-92A4A092BEE0}.Debug|x64.Build.0 = Debug|x64
		{5792BD97-0672-4132-A2BC-92A4A092BEE0}.Debug|x86.ActiveCfg = Debug|x64
		{5792BD97-0672-4132-A2BC-92A4A092BEE0}.Release|Any CPU.ActiveCfg = Release|Any CPU
		{5792BD97-0672-4132-A2BC-92A4A092BEE0}.Release|Any CPU.Build.0 = Release|Any CPU
		{5792BD97-0672-4132-A2BC-92A4A092BEE0}.Release|Itanium.ActiveCfg = Release|x64
		{5792BD97-0672-4132-A2BC-92A4A092BEE0}.Release|Mixed Platforms.ActiveCfg = Release|Any CPU
		{5792BD97-0672-4132-A2BC-92A4A092BEE0}.Release|Mixed Platforms.Build.0 = Release|Any CPU
		{5792BD97-0672-4132-A2BC-92A4A092BEE0}.Release|x64.ActiveCfg = Release|x64
		{5792BD97-0672-4132-A2BC-92A4A092BEE0}.Release|x64.Build.0 = Release|x64
		{5792BD97-0672-4132-A2BC-92A4A092BEE0}.Release|x86.ActiveCfg = Release|x64
		{469A5264-ED09-4228-8A49-E2FAABCD519C}.Debug|Any CPU.ActiveCfg = Debug|Any CPU
		{469A5264-ED09-4228-8A49-E2FAABCD519C}.Debug|Any CPU.Build.0 = Debug|Any CPU
		{469A5264-ED09-4228-8A49-E2FAABCD519C}.Debug|Itanium.ActiveCfg = Debug|x64
		{469A5264-ED09-4228-8A49-E2FAABCD519C}.Debug|Mixed Platforms.ActiveCfg = Debug|Any CPU
		{469A5264-ED09-4228-8A49-E2FAABCD519C}.Debug|Mixed Platforms.Build.0 = Debug|Any CPU
		{469A5264-ED09-4228-8A49-E2FAABCD519C}.Debug|x64.ActiveCfg = Debug|x64
		{469A5264-ED09-4228-8A49-E2FAABCD519C}.Debug|x64.Build.0 = Debug|x64
		{469A5264-ED09-4228-8A49-E2FAABCD519C}.Debug|x86.ActiveCfg = Debug|x64
		{469A5264-ED09-4228-8A49-E2FAABCD519C}.Release|Any CPU.ActiveCfg = Release|Any CPU
		{469A5264-ED09-4228-8A49-E2FAABCD519C}.Release|Any CPU.Build.0 = Release|Any CPU
		{469A5264-ED09-4228-8A49-E2FAABCD519C}.Release|Itanium.ActiveCfg = Release|x64
		{469A5264-ED09-4228-8A49-E2FAABCD519C}.Release|Mixed Platforms.ActiveCfg = Release|Any CPU
		{469A5264-ED09-4228-8A49-E2FAABCD519C}.Release|Mixed Platforms.Build.0 = Release|Any CPU
		{469A5264-ED09-4228-8A49-E2FAABCD519C}.Release|x64.ActiveCfg = Release|x64
		{469A5264-ED09-4228-8A49-E2FAABCD519C}.Release|x64.Build.0 = Release|x64
		{469A5264-ED09-4228-8A49-E2FAABCD519C}.Release|x86.ActiveCfg = Release|x64
		{652600D6-822E-44A8-90F3-CC989051DE4B}.Debug|Any CPU.ActiveCfg = Debug|Any CPU
		{652600D6-822E-44A8-90F3-CC989051DE4B}.Debug|Any CPU.Build.0 = Debug|Any CPU
		{652600D6-822E-44A8-90F3-CC989051DE4B}.Debug|Itanium.ActiveCfg = Debug|x64
		{652600D6-822E-44A8-90F3-CC989051DE4B}.Debug|Mixed Platforms.ActiveCfg = Debug|Any CPU
		{652600D6-822E-44A8-90F3-CC989051DE4B}.Debug|Mixed Platforms.Build.0 = Debug|Any CPU
		{652600D6-822E-44A8-90F3-CC989051DE4B}.Debug|x64.ActiveCfg = Debug|x64
		{652600D6-822E-44A8-90F3-CC989051DE4B}.Debug|x64.Build.0 = Debug|x64
		{652600D6-822E-44A8-90F3-CC989051DE4B}.Debug|x86.ActiveCfg = Debug|x64
		{652600D6-822E-44A8-90F3-CC989051DE4B}.Release|Any CPU.ActiveCfg = Release|Any CPU
		{652600D6-822E-44A8-90F3-CC989051DE4B}.Release|Any CPU.Build.0 = Release|Any CPU
		{652600D6-822E-44A8-90F3-CC989051DE4B}.Release|Itanium.ActiveCfg = Release|x64
		{652600D6-822E-44A8-90F3-CC989051DE4B}.Release|Mixed Platforms.ActiveCfg = Release|Any CPU
		{652600D6-822E-44A8-90F3-CC989051DE4B}.Release|Mixed Platforms.Build.0 = Release|Any CPU
		{652600D6-822E-44A8-90F3-CC989051DE4B}.Release|x64.ActiveCfg = Release|x64
		{652600D6-822E-44A8-90F3-CC989051DE4B}.Release|x64.Build.0 = Release|x64
		{652600D6-822E-44A8-90F3-CC989051DE4B}.Release|x86.ActiveCfg = Release|x64
		{B354E00A-F4B6-475F-98DF-B60756307D2A}.Debug|Any CPU.ActiveCfg = Debug|Any CPU
		{B354E00A-F4B6-475F-98DF-B60756307D2A}.Debug|Any CPU.Build.0 = Debug|Any CPU
		{B354E00A-F4B6-475F-98DF-B60756307D2A}.Debug|Itanium.ActiveCfg = Debug|x64
		{B354E00A-F4B6-475F-98DF-B60756307D2A}.Debug|Mixed Platforms.ActiveCfg = Debug|Any CPU
		{B354E00A-F4B6-475F-98DF-B60756307D2A}.Debug|Mixed Platforms.Build.0 = Debug|Any CPU
		{B354E00A-F4B6-475F-98DF-B60756307D2A}.Debug|x64.ActiveCfg = Debug|x64
		{B354E00A-F4B6-475F-98DF-B60756307D2A}.Debug|x64.Build.0 = Debug|x64
		{B354E00A-F4B6-475F-98DF-B60756307D2A}.Debug|x86.ActiveCfg = Debug|x64
		{B354E00A-F4B6-475F-98DF-B60756307D2A}.Release|Any CPU.ActiveCfg = Release|Any CPU
		{B354E00A-F4B6-475F-98DF-B60756307D2A}.Release|Any CPU.Build.0 = Release|Any CPU
		{B354E00A-F4B6-475F-98DF-B60756307D2A}.Release|Itanium.ActiveCfg = Release|x64
		{B354E00A-F4B6-475F-98DF-B60756307D2A}.Release|Mixed Platforms.ActiveCfg = Release|Any CPU
		{B354E00A-F4B6-475F-98DF-B60756307D2A}.Release|Mixed Platforms.Build.0 = Release|Any CPU
		{B354E00A-F4B6-475F-98DF-B60756307D2A}.Release|x64.ActiveCfg = Release|x64
		{B354E00A-F4B6-475F-98DF-B60756307D2A}.Release|x64.Build.0 = Release|x64
		{B354E00A-F4B6-475F-98DF-B60756307D2A}.Release|x86.ActiveCfg = Release|x64
		{5D75FDD7-2268-4F5E-BC4C-62B14F53AA28}.Debug|Any CPU.ActiveCfg = Debug|Any CPU
		{5D75FDD7-2268-4F5E-BC4C-62B14F53AA28}.Debug|Any CPU.Build.0 = Debug|Any CPU
		{5D75FDD7-2268-4F5E-BC4C-62B14F53AA28}.Debug|Itanium.ActiveCfg = Debug|x64
		{5D75FDD7-2268-4F5E-BC4C-62B14F53AA28}.Debug|Mixed Platforms.ActiveCfg = Debug|Any CPU
		{5D75FDD7-2268-4F5E-BC4C-62B14F53AA28}.Debug|Mixed Platforms.Build.0 = Debug|Any CPU
		{5D75FDD7-2268-4F5E-BC4C-62B14F53AA28}.Debug|x64.ActiveCfg = Debug|x64
		{5D75FDD7-2268-4F5E-BC4C-62B14F53AA28}.Debug|x64.Build.0 = Debug|x64
		{5D75FDD7-2268-4F5E-BC4C-62B14F53AA28}.Debug|x86.ActiveCfg = Debug|x64
		{5D75FDD7-2268-4F5E-BC4C-62B14F53AA28}.Release|Any CPU.ActiveCfg = Release|Any CPU
		{5D75FDD7-2268-4F5E-BC4C-62B14F53AA28}.Release|Any CPU.Build.0 = Release|Any CPU
		{5D75FDD7-2268-4F5E-BC4C-62B14F53AA28}.Release|Itanium.ActiveCfg = Release|x64
		{5D75FDD7-2268-4F5E-BC4C-62B14F53AA28}.Release|Mixed Platforms.ActiveCfg = Release|Any CPU
		{5D75FDD7-2268-4F5E-BC4C-62B14F53AA28}.Release|Mixed Platforms.Build.0 = Release|Any CPU
		{5D75FDD7-2268-4F5E-BC4C-62B14F53AA28}.Release|x64.ActiveCfg = Release|x64
		{5D75FDD7-2268-4F5E-BC4C-62B14F53AA28}.Release|x64.Build.0 = Release|x64
		{5D75FDD7-2268-4F5E-BC4C-62B14F53AA28}.Release|x86.ActiveCfg = Release|x64
		{60575A50-FE6E-4A6A-96F6-37520D78AD2F}.Debug|Any CPU.ActiveCfg = Debug|Any CPU
		{60575A50-FE6E-4A6A-96F6-37520D78AD2F}.Debug|Any CPU.Build.0 = Debug|Any CPU
		{60575A50-FE6E-4A6A-96F6-37520D78AD2F}.Debug|Itanium.ActiveCfg = Debug|x64
		{60575A50-FE6E-4A6A-96F6-37520D78AD2F}.Debug|Mixed Platforms.ActiveCfg = Debug|Any CPU
		{60575A50-FE6E-4A6A-96F6-37520D78AD2F}.Debug|Mixed Platforms.Build.0 = Debug|Any CPU
		{60575A50-FE6E-4A6A-96F6-37520D78AD2F}.Debug|x64.ActiveCfg = Debug|x64
		{60575A50-FE6E-4A6A-96F6-37520D78AD2F}.Debug|x64.Build.0 = Debug|x64
		{60575A50-FE6E-4A6A-96F6-37520D78AD2F}.Debug|x86.ActiveCfg = Debug|x64
		{60575A50-FE6E-4A6A-96F6-37520D78AD2F}.Release|Any CPU.ActiveCfg = Release|Any CPU
		{60575A50-FE6E-4A6A-96F6-37520D78AD2F}.Release|Any CPU.Build.0 = Release|Any CPU
		{60575A50-FE6E-4A6A-96F6-37520D78AD2F}.Release|Itanium.ActiveCfg = Release|x64
		{60575A50-FE6E-4A6A-96F6-37520D78AD2F}.Release|Mixed Platforms.ActiveCfg = Release|Any CPU
		{60575A50-FE6E-4A6A-96F6-37520D78AD2F}.Release|Mixed Platforms.Build.0 = Release|Any CPU
		{60575A50-FE6E-4A6A-96F6-37520D78AD2F}.Release|x64.ActiveCfg = Release|x64
		{60575A50-FE6E-4A6A-96F6-37520D78AD2F}.Release|x64.Build.0 = Release|x64
		{60575A50-FE6E-4A6A-96F6-37520D78AD2F}.Release|x86.ActiveCfg = Release|x64
		{16A3DF17-FD2A-4A9A-8F3C-746F02B533BC}.Debug|Any CPU.ActiveCfg = Debug|Any CPU
		{16A3DF17-FD2A-4A9A-8F3C-746F02B533BC}.Debug|Any CPU.Build.0 = Debug|Any CPU
		{16A3DF17-FD2A-4A9A-8F3C-746F02B533BC}.Debug|Itanium.ActiveCfg = Debug|x64
		{16A3DF17-FD2A-4A9A-8F3C-746F02B533BC}.Debug|Mixed Platforms.ActiveCfg = Debug|Any CPU
		{16A3DF17-FD2A-4A9A-8F3C-746F02B533BC}.Debug|Mixed Platforms.Build.0 = Debug|Any CPU
		{16A3DF17-FD2A-4A9A-8F3C-746F02B533BC}.Debug|x64.ActiveCfg = Debug|x64
		{16A3DF17-FD2A-4A9A-8F3C-746F02B533BC}.Debug|x64.Build.0 = Debug|x64
		{16A3DF17-FD2A-4A9A-8F3C-746F02B533BC}.Debug|x86.ActiveCfg = Debug|x64
		{16A3DF17-FD2A-4A9A-8F3C-746F02B533BC}.Release|Any CPU.ActiveCfg = Release|Any CPU
		{16A3DF17-FD2A-4A9A-8F3C-746F02B533BC}.Release|Any CPU.Build.0 = Release|Any CPU
		{16A3DF17-FD2A-4A9A-8F3C-746F02B533BC}.Release|Itanium.ActiveCfg = Release|Any CPU
		{16A3DF17-FD2A-4A9A-8F3C-746F02B533BC}.Release|Mixed Platforms.ActiveCfg = Release|Any CPU
		{16A3DF17-FD2A-4A9A-8F3C-746F02B533BC}.Release|Mixed Platforms.Build.0 = Release|Any CPU
		{16A3DF17-FD2A-4A9A-8F3C-746F02B533BC}.Release|x64.ActiveCfg = Release|x64
		{16A3DF17-FD2A-4A9A-8F3C-746F02B533BC}.Release|x64.Build.0 = Release|x64
		{16A3DF17-FD2A-4A9A-8F3C-746F02B533BC}.Release|x86.ActiveCfg = Release|x64
		{D24B2124-8DF4-42FE-904B-2F4F70BD5439}.Debug|Any CPU.ActiveCfg = Debug|Any CPU
		{D24B2124-8DF4-42FE-904B-2F4F70BD5439}.Debug|Any CPU.Build.0 = Debug|Any CPU
		{D24B2124-8DF4-42FE-904B-2F4F70BD5439}.Debug|Itanium.ActiveCfg = Debug|x64
		{D24B2124-8DF4-42FE-904B-2F4F70BD5439}.Debug|Mixed Platforms.ActiveCfg = Debug|Any CPU
		{D24B2124-8DF4-42FE-904B-2F4F70BD5439}.Debug|Mixed Platforms.Build.0 = Debug|Any CPU
		{D24B2124-8DF4-42FE-904B-2F4F70BD5439}.Debug|x64.ActiveCfg = Debug|x64
		{D24B2124-8DF4-42FE-904B-2F4F70BD5439}.Debug|x64.Build.0 = Debug|x64
		{D24B2124-8DF4-42FE-904B-2F4F70BD5439}.Debug|x86.ActiveCfg = Debug|x64
		{D24B2124-8DF4-42FE-904B-2F4F70BD5439}.Release|Any CPU.ActiveCfg = Release|Any CPU
		{D24B2124-8DF4-42FE-904B-2F4F70BD5439}.Release|Any CPU.Build.0 = Release|Any CPU
		{D24B2124-8DF4-42FE-904B-2F4F70BD5439}.Release|Itanium.ActiveCfg = Release|x64
		{D24B2124-8DF4-42FE-904B-2F4F70BD5439}.Release|Mixed Platforms.ActiveCfg = Release|Any CPU
		{D24B2124-8DF4-42FE-904B-2F4F70BD5439}.Release|Mixed Platforms.Build.0 = Release|Any CPU
		{D24B2124-8DF4-42FE-904B-2F4F70BD5439}.Release|x64.ActiveCfg = Release|x64
		{D24B2124-8DF4-42FE-904B-2F4F70BD5439}.Release|x64.Build.0 = Release|x64
		{D24B2124-8DF4-42FE-904B-2F4F70BD5439}.Release|x86.ActiveCfg = Release|x64
		{14AFCB40-0E0C-4F87-A7E5-B4176FD58B05}.Debug|Any CPU.ActiveCfg = Debug|Any CPU
		{14AFCB40-0E0C-4F87-A7E5-B4176FD58B05}.Debug|Any CPU.Build.0 = Debug|Any CPU
		{14AFCB40-0E0C-4F87-A7E5-B4176FD58B05}.Debug|Itanium.ActiveCfg = Debug|Any CPU
		{14AFCB40-0E0C-4F87-A7E5-B4176FD58B05}.Debug|Mixed Platforms.ActiveCfg = Debug|Any CPU
		{14AFCB40-0E0C-4F87-A7E5-B4176FD58B05}.Debug|Mixed Platforms.Build.0 = Debug|Any CPU
		{14AFCB40-0E0C-4F87-A7E5-B4176FD58B05}.Debug|x64.ActiveCfg = Debug|Any CPU
		{14AFCB40-0E0C-4F87-A7E5-B4176FD58B05}.Debug|x86.ActiveCfg = Debug|Any CPU
		{14AFCB40-0E0C-4F87-A7E5-B4176FD58B05}.Release|Any CPU.ActiveCfg = Release|Any CPU
		{14AFCB40-0E0C-4F87-A7E5-B4176FD58B05}.Release|Any CPU.Build.0 = Release|Any CPU
		{14AFCB40-0E0C-4F87-A7E5-B4176FD58B05}.Release|Itanium.ActiveCfg = Release|Any CPU
		{14AFCB40-0E0C-4F87-A7E5-B4176FD58B05}.Release|Mixed Platforms.ActiveCfg = Release|Any CPU
		{14AFCB40-0E0C-4F87-A7E5-B4176FD58B05}.Release|Mixed Platforms.Build.0 = Release|Any CPU
		{14AFCB40-0E0C-4F87-A7E5-B4176FD58B05}.Release|x64.ActiveCfg = Release|Any CPU
		{14AFCB40-0E0C-4F87-A7E5-B4176FD58B05}.Release|x86.ActiveCfg = Release|Any CPU
		{655E573C-DB5D-4C1C-8822-D157E7BEED9A}.Debug|Any CPU.ActiveCfg = Debug|Any CPU
		{655E573C-DB5D-4C1C-8822-D157E7BEED9A}.Debug|Any CPU.Build.0 = Debug|Any CPU
		{655E573C-DB5D-4C1C-8822-D157E7BEED9A}.Debug|Itanium.ActiveCfg = Debug|Any CPU
		{655E573C-DB5D-4C1C-8822-D157E7BEED9A}.Debug|Mixed Platforms.ActiveCfg = Debug|Any CPU
		{655E573C-DB5D-4C1C-8822-D157E7BEED9A}.Debug|Mixed Platforms.Build.0 = Debug|Any CPU
		{655E573C-DB5D-4C1C-8822-D157E7BEED9A}.Debug|x64.ActiveCfg = Debug|Any CPU
		{655E573C-DB5D-4C1C-8822-D157E7BEED9A}.Debug|x86.ActiveCfg = Debug|Any CPU
		{655E573C-DB5D-4C1C-8822-D157E7BEED9A}.Release|Any CPU.ActiveCfg = Release|Any CPU
		{655E573C-DB5D-4C1C-8822-D157E7BEED9A}.Release|Any CPU.Build.0 = Release|Any CPU
		{655E573C-DB5D-4C1C-8822-D157E7BEED9A}.Release|Itanium.ActiveCfg = Release|Any CPU
		{655E573C-DB5D-4C1C-8822-D157E7BEED9A}.Release|Mixed Platforms.ActiveCfg = Release|Any CPU
		{655E573C-DB5D-4C1C-8822-D157E7BEED9A}.Release|Mixed Platforms.Build.0 = Release|Any CPU
		{655E573C-DB5D-4C1C-8822-D157E7BEED9A}.Release|x64.ActiveCfg = Release|Any CPU
		{655E573C-DB5D-4C1C-8822-D157E7BEED9A}.Release|x86.ActiveCfg = Release|Any CPU
		{26770738-9D81-42DB-9108-FC3B3FD20138}.Debug|Any CPU.ActiveCfg = Debug|Any CPU
		{26770738-9D81-42DB-9108-FC3B3FD20138}.Debug|Any CPU.Build.0 = Debug|Any CPU
		{26770738-9D81-42DB-9108-FC3B3FD20138}.Debug|Itanium.ActiveCfg = Debug|Any CPU
		{26770738-9D81-42DB-9108-FC3B3FD20138}.Debug|Mixed Platforms.ActiveCfg = Debug|Any CPU
		{26770738-9D81-42DB-9108-FC3B3FD20138}.Debug|Mixed Platforms.Build.0 = Debug|Any CPU
		{26770738-9D81-42DB-9108-FC3B3FD20138}.Debug|x64.ActiveCfg = Debug|Any CPU
		{26770738-9D81-42DB-9108-FC3B3FD20138}.Debug|x86.ActiveCfg = Debug|Any CPU
		{26770738-9D81-42DB-9108-FC3B3FD20138}.Release|Any CPU.ActiveCfg = Release|Any CPU
		{26770738-9D81-42DB-9108-FC3B3FD20138}.Release|Any CPU.Build.0 = Release|Any CPU
		{26770738-9D81-42DB-9108-FC3B3FD20138}.Release|Itanium.ActiveCfg = Release|Any CPU
		{26770738-9D81-42DB-9108-FC3B3FD20138}.Release|Mixed Platforms.ActiveCfg = Release|Any CPU
		{26770738-9D81-42DB-9108-FC3B3FD20138}.Release|Mixed Platforms.Build.0 = Release|Any CPU
		{26770738-9D81-42DB-9108-FC3B3FD20138}.Release|x64.ActiveCfg = Release|Any CPU
		{26770738-9D81-42DB-9108-FC3B3FD20138}.Release|x86.ActiveCfg = Release|Any CPU
		{AE314842-2360-461C-8F95-0D815FDC58D5}.Debug|Any CPU.ActiveCfg = Debug|Any CPU
		{AE314842-2360-461C-8F95-0D815FDC58D5}.Debug|Any CPU.Build.0 = Debug|Any CPU
		{AE314842-2360-461C-8F95-0D815FDC58D5}.Debug|Itanium.ActiveCfg = Debug|Any CPU
		{AE314842-2360-461C-8F95-0D815FDC58D5}.Debug|Mixed Platforms.ActiveCfg = Debug|Any CPU
		{AE314842-2360-461C-8F95-0D815FDC58D5}.Debug|Mixed Platforms.Build.0 = Debug|Any CPU
		{AE314842-2360-461C-8F95-0D815FDC58D5}.Debug|x64.ActiveCfg = Debug|Any CPU
		{AE314842-2360-461C-8F95-0D815FDC58D5}.Debug|x86.ActiveCfg = Debug|Any CPU
		{AE314842-2360-461C-8F95-0D815FDC58D5}.Release|Any CPU.ActiveCfg = Release|Any CPU
		{AE314842-2360-461C-8F95-0D815FDC58D5}.Release|Any CPU.Build.0 = Release|Any CPU
		{AE314842-2360-461C-8F95-0D815FDC58D5}.Release|Itanium.ActiveCfg = Release|Any CPU
		{AE314842-2360-461C-8F95-0D815FDC58D5}.Release|Mixed Platforms.ActiveCfg = Release|Any CPU
		{AE314842-2360-461C-8F95-0D815FDC58D5}.Release|Mixed Platforms.Build.0 = Release|Any CPU
		{AE314842-2360-461C-8F95-0D815FDC58D5}.Release|x64.ActiveCfg = Release|Any CPU
		{AE314842-2360-461C-8F95-0D815FDC58D5}.Release|x86.ActiveCfg = Release|Any CPU
		{8B74A53F-54E0-4B2F-A07C-FCABCB80CBEF}.Debug|Any CPU.ActiveCfg = Debug|Any CPU
		{8B74A53F-54E0-4B2F-A07C-FCABCB80CBEF}.Debug|Any CPU.Build.0 = Debug|Any CPU
		{8B74A53F-54E0-4B2F-A07C-FCABCB80CBEF}.Debug|Itanium.ActiveCfg = Debug|Any CPU
		{8B74A53F-54E0-4B2F-A07C-FCABCB80CBEF}.Debug|Mixed Platforms.ActiveCfg = Debug|Any CPU
		{8B74A53F-54E0-4B2F-A07C-FCABCB80CBEF}.Debug|Mixed Platforms.Build.0 = Debug|Any CPU
		{8B74A53F-54E0-4B2F-A07C-FCABCB80CBEF}.Debug|x64.ActiveCfg = Debug|Any CPU
		{8B74A53F-54E0-4B2F-A07C-FCABCB80CBEF}.Debug|x86.ActiveCfg = Debug|Any CPU
		{8B74A53F-54E0-4B2F-A07C-FCABCB80CBEF}.Release|Any CPU.ActiveCfg = Release|Any CPU
		{8B74A53F-54E0-4B2F-A07C-FCABCB80CBEF}.Release|Itanium.ActiveCfg = Release|Any CPU
		{8B74A53F-54E0-4B2F-A07C-FCABCB80CBEF}.Release|Mixed Platforms.ActiveCfg = Release|Any CPU
		{8B74A53F-54E0-4B2F-A07C-FCABCB80CBEF}.Release|Mixed Platforms.Build.0 = Release|Any CPU
		{8B74A53F-54E0-4B2F-A07C-FCABCB80CBEF}.Release|x64.ActiveCfg = Release|Any CPU
		{8B74A53F-54E0-4B2F-A07C-FCABCB80CBEF}.Release|x86.ActiveCfg = Release|Any CPU
		{26B44355-9993-4535-BCD0-498910CDAB09}.Debug|Any CPU.ActiveCfg = Debug|Any CPU
		{26B44355-9993-4535-BCD0-498910CDAB09}.Debug|Any CPU.Build.0 = Debug|Any CPU
		{26B44355-9993-4535-BCD0-498910CDAB09}.Debug|Itanium.ActiveCfg = Debug|Any CPU
		{26B44355-9993-4535-BCD0-498910CDAB09}.Debug|Mixed Platforms.ActiveCfg = Debug|Any CPU
		{26B44355-9993-4535-BCD0-498910CDAB09}.Debug|Mixed Platforms.Build.0 = Debug|Any CPU
		{26B44355-9993-4535-BCD0-498910CDAB09}.Debug|x64.ActiveCfg = Debug|Any CPU
		{26B44355-9993-4535-BCD0-498910CDAB09}.Debug|x86.ActiveCfg = Debug|Any CPU
		{26B44355-9993-4535-BCD0-498910CDAB09}.Release|Any CPU.ActiveCfg = Release|Any CPU
		{26B44355-9993-4535-BCD0-498910CDAB09}.Release|Any CPU.Build.0 = Release|Any CPU
		{26B44355-9993-4535-BCD0-498910CDAB09}.Release|Itanium.ActiveCfg = Release|Any CPU
		{26B44355-9993-4535-BCD0-498910CDAB09}.Release|Mixed Platforms.ActiveCfg = Release|Any CPU
		{26B44355-9993-4535-BCD0-498910CDAB09}.Release|Mixed Platforms.Build.0 = Release|Any CPU
		{26B44355-9993-4535-BCD0-498910CDAB09}.Release|x64.ActiveCfg = Release|Any CPU
		{26B44355-9993-4535-BCD0-498910CDAB09}.Release|x86.ActiveCfg = Release|Any CPU
		{C03FE105-9D4F-466D-A924-D027858BA71B}.Debug|Any CPU.ActiveCfg = Debug|Any CPU
		{C03FE105-9D4F-466D-A924-D027858BA71B}.Debug|Any CPU.Build.0 = Debug|Any CPU
		{C03FE105-9D4F-466D-A924-D027858BA71B}.Debug|Itanium.ActiveCfg = Debug|Any CPU
		{C03FE105-9D4F-466D-A924-D027858BA71B}.Debug|Mixed Platforms.ActiveCfg = Debug|Any CPU
		{C03FE105-9D4F-466D-A924-D027858BA71B}.Debug|Mixed Platforms.Build.0 = Debug|Any CPU
		{C03FE105-9D4F-466D-A924-D027858BA71B}.Debug|x64.ActiveCfg = Debug|Any CPU
		{C03FE105-9D4F-466D-A924-D027858BA71B}.Debug|x86.ActiveCfg = Debug|Any CPU
		{C03FE105-9D4F-466D-A924-D027858BA71B}.Release|Any CPU.ActiveCfg = Release|Any CPU
		{C03FE105-9D4F-466D-A924-D027858BA71B}.Release|Itanium.ActiveCfg = Release|Any CPU
		{C03FE105-9D4F-466D-A924-D027858BA71B}.Release|Mixed Platforms.ActiveCfg = Release|Any CPU
		{C03FE105-9D4F-466D-A924-D027858BA71B}.Release|Mixed Platforms.Build.0 = Release|Any CPU
		{C03FE105-9D4F-466D-A924-D027858BA71B}.Release|x64.ActiveCfg = Release|Any CPU
		{C03FE105-9D4F-466D-A924-D027858BA71B}.Release|x86.ActiveCfg = Release|Any CPU
		{4EA909E1-74F2-48CC-BB02-3E45C2BA8D20}.Debug|Any CPU.ActiveCfg = Debug|Any CPU
		{4EA909E1-74F2-48CC-BB02-3E45C2BA8D20}.Debug|Any CPU.Build.0 = Debug|Any CPU
		{4EA909E1-74F2-48CC-BB02-3E45C2BA8D20}.Debug|Itanium.ActiveCfg = Debug|Any CPU
		{4EA909E1-74F2-48CC-BB02-3E45C2BA8D20}.Debug|Mixed Platforms.ActiveCfg = Debug|Any CPU
		{4EA909E1-74F2-48CC-BB02-3E45C2BA8D20}.Debug|Mixed Platforms.Build.0 = Debug|Any CPU
		{4EA909E1-74F2-48CC-BB02-3E45C2BA8D20}.Debug|x64.ActiveCfg = Debug|x86
		{4EA909E1-74F2-48CC-BB02-3E45C2BA8D20}.Debug|x86.ActiveCfg = Debug|x86
		{4EA909E1-74F2-48CC-BB02-3E45C2BA8D20}.Debug|x86.Build.0 = Debug|x86
		{4EA909E1-74F2-48CC-BB02-3E45C2BA8D20}.Release|Any CPU.ActiveCfg = Release|Any CPU
		{4EA909E1-74F2-48CC-BB02-3E45C2BA8D20}.Release|Itanium.ActiveCfg = Release|Any CPU
		{4EA909E1-74F2-48CC-BB02-3E45C2BA8D20}.Release|Mixed Platforms.ActiveCfg = Release|Any CPU
		{4EA909E1-74F2-48CC-BB02-3E45C2BA8D20}.Release|Mixed Platforms.Build.0 = Release|Any CPU
		{4EA909E1-74F2-48CC-BB02-3E45C2BA8D20}.Release|x64.ActiveCfg = Release|x86
		{4EA909E1-74F2-48CC-BB02-3E45C2BA8D20}.Release|x86.ActiveCfg = Release|x86
		{4EA909E1-74F2-48CC-BB02-3E45C2BA8D20}.Release|x86.Build.0 = Release|x86
		{115F2F07-F262-4E84-B033-8E6AAAE87B08}.Debug|Any CPU.ActiveCfg = Debug|Any CPU
		{115F2F07-F262-4E84-B033-8E6AAAE87B08}.Debug|Any CPU.Build.0 = Debug|Any CPU
		{115F2F07-F262-4E84-B033-8E6AAAE87B08}.Debug|Itanium.ActiveCfg = Debug|Any CPU
		{115F2F07-F262-4E84-B033-8E6AAAE87B08}.Debug|Mixed Platforms.ActiveCfg = Debug|Any CPU
		{115F2F07-F262-4E84-B033-8E6AAAE87B08}.Debug|Mixed Platforms.Build.0 = Debug|Any CPU
		{115F2F07-F262-4E84-B033-8E6AAAE87B08}.Debug|x64.ActiveCfg = Debug|Any CPU
		{115F2F07-F262-4E84-B033-8E6AAAE87B08}.Debug|x86.ActiveCfg = Debug|Any CPU
		{115F2F07-F262-4E84-B033-8E6AAAE87B08}.Release|Any CPU.ActiveCfg = Release|Any CPU
		{115F2F07-F262-4E84-B033-8E6AAAE87B08}.Release|Any CPU.Build.0 = Release|Any CPU
		{115F2F07-F262-4E84-B033-8E6AAAE87B08}.Release|Itanium.ActiveCfg = Release|Any CPU
		{115F2F07-F262-4E84-B033-8E6AAAE87B08}.Release|Mixed Platforms.ActiveCfg = Release|Any CPU
		{115F2F07-F262-4E84-B033-8E6AAAE87B08}.Release|Mixed Platforms.Build.0 = Release|Any CPU
		{115F2F07-F262-4E84-B033-8E6AAAE87B08}.Release|x64.ActiveCfg = Release|Any CPU
		{115F2F07-F262-4E84-B033-8E6AAAE87B08}.Release|x86.ActiveCfg = Release|Any CPU
		{A085D848-35B0-4941-AF53-FAE39D548894}.Debug|Any CPU.ActiveCfg = Debug|Any CPU
		{A085D848-35B0-4941-AF53-FAE39D548894}.Debug|Any CPU.Build.0 = Debug|Any CPU
		{A085D848-35B0-4941-AF53-FAE39D548894}.Debug|Itanium.ActiveCfg = Debug|Any CPU
		{A085D848-35B0-4941-AF53-FAE39D548894}.Debug|Mixed Platforms.ActiveCfg = Debug|Any CPU
		{A085D848-35B0-4941-AF53-FAE39D548894}.Debug|Mixed Platforms.Build.0 = Debug|Any CPU
		{A085D848-35B0-4941-AF53-FAE39D548894}.Debug|x64.ActiveCfg = Debug|Any CPU
		{A085D848-35B0-4941-AF53-FAE39D548894}.Debug|x86.ActiveCfg = Debug|Any CPU
		{A085D848-35B0-4941-AF53-FAE39D548894}.Release|Any CPU.ActiveCfg = Release|Any CPU
		{A085D848-35B0-4941-AF53-FAE39D548894}.Release|Any CPU.Build.0 = Release|Any CPU
		{A085D848-35B0-4941-AF53-FAE39D548894}.Release|Any CPU.Deploy.0 = Release|Any CPU
		{A085D848-35B0-4941-AF53-FAE39D548894}.Release|Itanium.ActiveCfg = Release|Any CPU
		{A085D848-35B0-4941-AF53-FAE39D548894}.Release|Mixed Platforms.ActiveCfg = Release|Any CPU
		{A085D848-35B0-4941-AF53-FAE39D548894}.Release|Mixed Platforms.Build.0 = Release|Any CPU
		{A085D848-35B0-4941-AF53-FAE39D548894}.Release|Mixed Platforms.Deploy.0 = Release|Any CPU
		{A085D848-35B0-4941-AF53-FAE39D548894}.Release|x64.ActiveCfg = Release|Any CPU
		{A085D848-35B0-4941-AF53-FAE39D548894}.Release|x86.ActiveCfg = Release|Any CPU
		{DBBDE506-98B6-4BB3-BC5A-7FFD707A4F47}.Debug|Any CPU.ActiveCfg = Debug|x86
		{DBBDE506-98B6-4BB3-BC5A-7FFD707A4F47}.Debug|Itanium.ActiveCfg = Debug|x86
		{DBBDE506-98B6-4BB3-BC5A-7FFD707A4F47}.Debug|Mixed Platforms.ActiveCfg = Debug|x86
		{DBBDE506-98B6-4BB3-BC5A-7FFD707A4F47}.Debug|Mixed Platforms.Build.0 = Debug|x86
		{DBBDE506-98B6-4BB3-BC5A-7FFD707A4F47}.Debug|x64.ActiveCfg = Debug|x86
		{DBBDE506-98B6-4BB3-BC5A-7FFD707A4F47}.Debug|x86.ActiveCfg = Debug|x86
		{DBBDE506-98B6-4BB3-BC5A-7FFD707A4F47}.Debug|x86.Build.0 = Debug|x86
		{DBBDE506-98B6-4BB3-BC5A-7FFD707A4F47}.Release|Any CPU.ActiveCfg = Release|x86
		{DBBDE506-98B6-4BB3-BC5A-7FFD707A4F47}.Release|Itanium.ActiveCfg = Release|x86
		{DBBDE506-98B6-4BB3-BC5A-7FFD707A4F47}.Release|Mixed Platforms.ActiveCfg = Release|x86
		{DBBDE506-98B6-4BB3-BC5A-7FFD707A4F47}.Release|Mixed Platforms.Build.0 = Release|x86
		{DBBDE506-98B6-4BB3-BC5A-7FFD707A4F47}.Release|x64.ActiveCfg = Release|x86
		{DBBDE506-98B6-4BB3-BC5A-7FFD707A4F47}.Release|x86.ActiveCfg = Release|x86
		{DBBDE506-98B6-4BB3-BC5A-7FFD707A4F47}.Release|x86.Build.0 = Release|x86
		{0A8EA2EE-DB7B-4098-BC75-C6225B465AF2}.Debug|Any CPU.ActiveCfg = Debug|Any CPU
		{0A8EA2EE-DB7B-4098-BC75-C6225B465AF2}.Debug|Any CPU.Build.0 = Debug|Any CPU
		{0A8EA2EE-DB7B-4098-BC75-C6225B465AF2}.Debug|Itanium.ActiveCfg = Debug|Any CPU
		{0A8EA2EE-DB7B-4098-BC75-C6225B465AF2}.Debug|Mixed Platforms.ActiveCfg = Debug|Any CPU
		{0A8EA2EE-DB7B-4098-BC75-C6225B465AF2}.Debug|Mixed Platforms.Build.0 = Debug|Any CPU
		{0A8EA2EE-DB7B-4098-BC75-C6225B465AF2}.Debug|x64.ActiveCfg = Debug|Any CPU
		{0A8EA2EE-DB7B-4098-BC75-C6225B465AF2}.Debug|x86.ActiveCfg = Debug|Any CPU
		{0A8EA2EE-DB7B-4098-BC75-C6225B465AF2}.Release|Any CPU.ActiveCfg = Release|Any CPU
		{0A8EA2EE-DB7B-4098-BC75-C6225B465AF2}.Release|Any CPU.Build.0 = Release|Any CPU
		{0A8EA2EE-DB7B-4098-BC75-C6225B465AF2}.Release|Itanium.ActiveCfg = Release|Any CPU
		{0A8EA2EE-DB7B-4098-BC75-C6225B465AF2}.Release|Mixed Platforms.ActiveCfg = Release|Any CPU
		{0A8EA2EE-DB7B-4098-BC75-C6225B465AF2}.Release|Mixed Platforms.Build.0 = Release|Any CPU
		{0A8EA2EE-DB7B-4098-BC75-C6225B465AF2}.Release|x64.ActiveCfg = Release|Any CPU
		{0A8EA2EE-DB7B-4098-BC75-C6225B465AF2}.Release|x86.ActiveCfg = Release|Any CPU
		{5BF6B9AC-3CAE-424B-9985-E960028374FD}.Debug|Any CPU.ActiveCfg = Debug|Any CPU
		{5BF6B9AC-3CAE-424B-9985-E960028374FD}.Debug|Any CPU.Build.0 = Debug|Any CPU
		{5BF6B9AC-3CAE-424B-9985-E960028374FD}.Debug|Itanium.ActiveCfg = Debug|Any CPU
		{5BF6B9AC-3CAE-424B-9985-E960028374FD}.Debug|Mixed Platforms.ActiveCfg = Debug|Any CPU
		{5BF6B9AC-3CAE-424B-9985-E960028374FD}.Debug|Mixed Platforms.Build.0 = Debug|Any CPU
		{5BF6B9AC-3CAE-424B-9985-E960028374FD}.Debug|x64.ActiveCfg = Debug|Any CPU
		{5BF6B9AC-3CAE-424B-9985-E960028374FD}.Debug|x86.ActiveCfg = Debug|Any CPU
		{5BF6B9AC-3CAE-424B-9985-E960028374FD}.Release|Any CPU.ActiveCfg = Release|Any CPU
		{5BF6B9AC-3CAE-424B-9985-E960028374FD}.Release|Any CPU.Build.0 = Release|Any CPU
		{5BF6B9AC-3CAE-424B-9985-E960028374FD}.Release|Itanium.ActiveCfg = Release|Any CPU
		{5BF6B9AC-3CAE-424B-9985-E960028374FD}.Release|Mixed Platforms.ActiveCfg = Release|Any CPU
		{5BF6B9AC-3CAE-424B-9985-E960028374FD}.Release|Mixed Platforms.Build.0 = Release|Any CPU
		{5BF6B9AC-3CAE-424B-9985-E960028374FD}.Release|x64.ActiveCfg = Release|Any CPU
		{5BF6B9AC-3CAE-424B-9985-E960028374FD}.Release|x86.ActiveCfg = Release|Any CPU
		{C1D239AD-4EB1-45D5-B629-587EC222A7D9}.Debug|Any CPU.ActiveCfg = Debug|Any CPU
		{C1D239AD-4EB1-45D5-B629-587EC222A7D9}.Debug|Any CPU.Build.0 = Debug|Any CPU
		{C1D239AD-4EB1-45D5-B629-587EC222A7D9}.Debug|Any CPU.Deploy.0 = Debug|Any CPU
		{C1D239AD-4EB1-45D5-B629-587EC222A7D9}.Debug|Itanium.ActiveCfg = Debug|Any CPU
		{C1D239AD-4EB1-45D5-B629-587EC222A7D9}.Debug|Mixed Platforms.ActiveCfg = Debug|Any CPU
		{C1D239AD-4EB1-45D5-B629-587EC222A7D9}.Debug|Mixed Platforms.Build.0 = Debug|Any CPU
		{C1D239AD-4EB1-45D5-B629-587EC222A7D9}.Debug|Mixed Platforms.Deploy.0 = Debug|Any CPU
		{C1D239AD-4EB1-45D5-B629-587EC222A7D9}.Debug|x64.ActiveCfg = Debug|Any CPU
		{C1D239AD-4EB1-45D5-B629-587EC222A7D9}.Debug|x86.ActiveCfg = Debug|Any CPU
		{C1D239AD-4EB1-45D5-B629-587EC222A7D9}.Release|Any CPU.ActiveCfg = Release|Any CPU
		{C1D239AD-4EB1-45D5-B629-587EC222A7D9}.Release|Any CPU.Build.0 = Release|Any CPU
		{C1D239AD-4EB1-45D5-B629-587EC222A7D9}.Release|Any CPU.Deploy.0 = Release|Any CPU
		{C1D239AD-4EB1-45D5-B629-587EC222A7D9}.Release|Itanium.ActiveCfg = Release|Any CPU
		{C1D239AD-4EB1-45D5-B629-587EC222A7D9}.Release|Mixed Platforms.ActiveCfg = Release|Any CPU
		{C1D239AD-4EB1-45D5-B629-587EC222A7D9}.Release|Mixed Platforms.Build.0 = Release|Any CPU
		{C1D239AD-4EB1-45D5-B629-587EC222A7D9}.Release|Mixed Platforms.Deploy.0 = Release|Any CPU
		{C1D239AD-4EB1-45D5-B629-587EC222A7D9}.Release|x64.ActiveCfg = Release|Any CPU
		{C1D239AD-4EB1-45D5-B629-587EC222A7D9}.Release|x86.ActiveCfg = Release|Any CPU
		{2463A542-0154-42D2-AE4A-CC7F581CBA65}.Debug|Any CPU.ActiveCfg = Debug|Any CPU
		{2463A542-0154-42D2-AE4A-CC7F581CBA65}.Debug|Any CPU.Build.0 = Debug|Any CPU
		{2463A542-0154-42D2-AE4A-CC7F581CBA65}.Debug|Any CPU.Deploy.0 = Debug|Any CPU
		{2463A542-0154-42D2-AE4A-CC7F581CBA65}.Debug|Itanium.ActiveCfg = Debug|Any CPU
		{2463A542-0154-42D2-AE4A-CC7F581CBA65}.Debug|Mixed Platforms.ActiveCfg = Debug|Any CPU
		{2463A542-0154-42D2-AE4A-CC7F581CBA65}.Debug|Mixed Platforms.Build.0 = Debug|Any CPU
		{2463A542-0154-42D2-AE4A-CC7F581CBA65}.Debug|Mixed Platforms.Deploy.0 = Debug|Any CPU
		{2463A542-0154-42D2-AE4A-CC7F581CBA65}.Debug|x64.ActiveCfg = Debug|Any CPU
		{2463A542-0154-42D2-AE4A-CC7F581CBA65}.Debug|x86.ActiveCfg = Debug|Any CPU
		{2463A542-0154-42D2-AE4A-CC7F581CBA65}.Release|Any CPU.ActiveCfg = Release|Any CPU
		{2463A542-0154-42D2-AE4A-CC7F581CBA65}.Release|Any CPU.Build.0 = Release|Any CPU
		{2463A542-0154-42D2-AE4A-CC7F581CBA65}.Release|Any CPU.Deploy.0 = Release|Any CPU
		{2463A542-0154-42D2-AE4A-CC7F581CBA65}.Release|Itanium.ActiveCfg = Release|Any CPU
		{2463A542-0154-42D2-AE4A-CC7F581CBA65}.Release|Mixed Platforms.ActiveCfg = Release|Any CPU
		{2463A542-0154-42D2-AE4A-CC7F581CBA65}.Release|Mixed Platforms.Build.0 = Release|Any CPU
		{2463A542-0154-42D2-AE4A-CC7F581CBA65}.Release|Mixed Platforms.Deploy.0 = Release|Any CPU
		{2463A542-0154-42D2-AE4A-CC7F581CBA65}.Release|x64.ActiveCfg = Release|Any CPU
		{2463A542-0154-42D2-AE4A-CC7F581CBA65}.Release|x86.ActiveCfg = Release|Any CPU
		{978CEA6E-048A-4EEA-BDE8-D932B87E9569}.Debug|Any CPU.ActiveCfg = Debug|Any CPU
		{978CEA6E-048A-4EEA-BDE8-D932B87E9569}.Debug|Any CPU.Build.0 = Debug|Any CPU
		{978CEA6E-048A-4EEA-BDE8-D932B87E9569}.Debug|Itanium.ActiveCfg = Debug|Any CPU
		{978CEA6E-048A-4EEA-BDE8-D932B87E9569}.Debug|Mixed Platforms.ActiveCfg = Debug|Any CPU
		{978CEA6E-048A-4EEA-BDE8-D932B87E9569}.Debug|Mixed Platforms.Build.0 = Debug|Any CPU
		{978CEA6E-048A-4EEA-BDE8-D932B87E9569}.Debug|x64.ActiveCfg = Debug|Any CPU
		{978CEA6E-048A-4EEA-BDE8-D932B87E9569}.Debug|x86.ActiveCfg = Debug|Any CPU
		{978CEA6E-048A-4EEA-BDE8-D932B87E9569}.Release|Any CPU.ActiveCfg = Release|Any CPU
		{978CEA6E-048A-4EEA-BDE8-D932B87E9569}.Release|Any CPU.Build.0 = Release|Any CPU
		{978CEA6E-048A-4EEA-BDE8-D932B87E9569}.Release|Itanium.ActiveCfg = Release|Any CPU
		{978CEA6E-048A-4EEA-BDE8-D932B87E9569}.Release|Itanium.Build.0 = Release|Any CPU
		{978CEA6E-048A-4EEA-BDE8-D932B87E9569}.Release|Mixed Platforms.ActiveCfg = Release|Any CPU
		{978CEA6E-048A-4EEA-BDE8-D932B87E9569}.Release|Mixed Platforms.Build.0 = Release|Any CPU
		{978CEA6E-048A-4EEA-BDE8-D932B87E9569}.Release|x64.ActiveCfg = Release|Any CPU
		{978CEA6E-048A-4EEA-BDE8-D932B87E9569}.Release|x86.ActiveCfg = Release|Any CPU
		{3EE59839-748B-4A4D-A3AE-A6655159B751}.Debug|Any CPU.ActiveCfg = Debug|Any CPU
		{3EE59839-748B-4A4D-A3AE-A6655159B751}.Debug|Any CPU.Build.0 = Debug|Any CPU
		{3EE59839-748B-4A4D-A3AE-A6655159B751}.Debug|Itanium.ActiveCfg = Debug|Any CPU
		{3EE59839-748B-4A4D-A3AE-A6655159B751}.Debug|Mixed Platforms.ActiveCfg = Debug|Any CPU
		{3EE59839-748B-4A4D-A3AE-A6655159B751}.Debug|Mixed Platforms.Build.0 = Debug|Any CPU
		{3EE59839-748B-4A4D-A3AE-A6655159B751}.Debug|x64.ActiveCfg = Debug|Any CPU
		{3EE59839-748B-4A4D-A3AE-A6655159B751}.Debug|x86.ActiveCfg = Debug|Any CPU
		{3EE59839-748B-4A4D-A3AE-A6655159B751}.Release|Any CPU.ActiveCfg = Release|Any CPU
		{3EE59839-748B-4A4D-A3AE-A6655159B751}.Release|Any CPU.Build.0 = Release|Any CPU
		{3EE59839-748B-4A4D-A3AE-A6655159B751}.Release|Itanium.ActiveCfg = Release|Any CPU
		{3EE59839-748B-4A4D-A3AE-A6655159B751}.Release|Mixed Platforms.ActiveCfg = Release|Any CPU
		{3EE59839-748B-4A4D-A3AE-A6655159B751}.Release|Mixed Platforms.Build.0 = Release|Any CPU
		{3EE59839-748B-4A4D-A3AE-A6655159B751}.Release|x64.ActiveCfg = Release|Any CPU
		{3EE59839-748B-4A4D-A3AE-A6655159B751}.Release|x86.ActiveCfg = Release|Any CPU
	EndGlobalSection
	GlobalSection(SolutionProperties) = preSolution
		HideSolutionNode = FALSE
	EndGlobalSection
EndGlobal
