
Microsoft Visual Studio Solution File, Format Version 11.00
# Visual Studio 2010
Project("{FAE04EC0-301F-11D3-BF4B-00C04F79EFBC}") = "SP2010ServiceManager", "SP2010ServiceManager\SP2010ServiceManager.csproj", "{04ACC0BC-1AC7-4F3C-8CF9-70F09078D464}"
EndProject
Global
	GlobalSection(SolutionConfigurationPlatforms) = preSolution
		CD_ROM|Any CPU = CD_ROM|Any CPU
		Debug|Any CPU = Debug|Any CPU
		DVD-5|Any CPU = DVD-5|Any CPU
		Release|Any CPU = Release|Any CPU
		SingleImage|Any CPU = SingleImage|Any CPU
	EndGlobalSection
	GlobalSection(ProjectConfigurationPlatforms) = postSolution
		{04ACC0BC-1AC7-4F3C-8CF9-70F09078D464}.CD_ROM|Any CPU.ActiveCfg = Release|Any CPU
		{04ACC0BC-1AC7-4F3C-8CF9-70F09078D464}.CD_ROM|Any CPU.Build.0 = Release|Any CPU
		{04ACC0BC-1AC7-4F3C-8CF9-70F09078D464}.Debug|Any CPU.ActiveCfg = Debug|Any CPU
		{04ACC0BC-1AC7-4F3C-8CF9-70F09078D464}.Debug|Any CPU.Build.0 = Debug|Any CPU
		{04ACC0BC-1AC7-4F3C-8CF9-70F09078D464}.DVD-5|Any CPU.ActiveCfg = Debug|Any CPU
		{04ACC0BC-1AC7-4F3C-8CF9-70F09078D464}.DVD-5|Any CPU.Build.0 = Debug|Any CPU
		{04ACC0BC-1AC7-4F3C-8CF9-70F09078D464}.Release|Any CPU.ActiveCfg = Release|Any CPU
		{04ACC0BC-1AC7-4F3C-8CF9-70F09078D464}.Release|Any CPU.Build.0 = Release|Any CPU
		{04ACC0BC-1AC7-4F3C-8CF9-70F09078D464}.SingleImage|Any CPU.ActiveCfg = Release|Any CPU
		{04ACC0BC-1AC7-4F3C-8CF9-70F09078D464}.SingleImage|Any CPU.Build.0 = Release|Any CPU
	EndGlobalSection
	GlobalSection(SolutionProperties) = preSolution
		HideSolutionNode = FALSE
	EndGlobalSection
EndGlobal
