
Microsoft Visual Studio Solution File, Format Version 11.00
# Visual Studio 2010
Project("{FAE04EC0-301F-11D3-BF4B-00C04F79EFBC}") = "Formulaire Premier", "Formulaire Premier\Formulaire Premier.csproj", "{C0B86990-62E1-4504-AA8C-9B2D9A04E9D7}"
EndProject
Project("{2150E333-8FDC-42A3-9474-1A3956D46DE8}") = "Solution Items", "Solution Items", "{D89C2C47-149A-4F76-AF2F-FBD01B104ED6}"
	ProjectSection(SolutionItems) = preProject
		Local.testsettings = Local.testsettings
		TraceAndTestImpact.testsettings = TraceAndTestImpact.testsettings
	EndProjectSection
EndProject
Global
	GlobalSection(TeamFoundationVersionControl) = preSolution
		SccNumberOfProjects = 2
		SccEnterpriseProvider = {4CA58AB2-18FA-4F8D-95D4-32DDF27D184C}
		SccTeamFoundationServer = https://alphatfs.alphamosaik.com:8088/tfs/tfs2008
		SccLocalPath0 = .
		SccProjectUniqueName1 = Formulaire\u0020Premier\\Formulaire\u0020Premier.csproj
		SccProjectName1 = Formulaire\u0020Premier
		SccLocalPath1 = Formulaire\u0020Premier
	EndGlobalSection
	GlobalSection(SolutionConfigurationPlatforms) = preSolution
		Debug|Any CPU = Debug|Any CPU
		Release|Any CPU = Release|Any CPU
	EndGlobalSection
	GlobalSection(ProjectConfigurationPlatforms) = postSolution
		{C0B86990-62E1-4504-AA8C-9B2D9A04E9D7}.Debug|Any CPU.ActiveCfg = Debug|Any CPU
		{C0B86990-62E1-4504-AA8C-9B2D9A04E9D7}.Debug|Any CPU.Build.0 = Debug|Any CPU
		{C0B86990-62E1-4504-AA8C-9B2D9A04E9D7}.Release|Any CPU.ActiveCfg = Release|Any CPU
		{C0B86990-62E1-4504-AA8C-9B2D9A04E9D7}.Release|Any CPU.Build.0 = Release|Any CPU
	EndGlobalSection
	GlobalSection(SolutionProperties) = preSolution
		HideSolutionNode = FALSE
	EndGlobalSection
EndGlobal
