
Microsoft Visual Studio Solution File, Format Version 9.00
# Visual Studio 2005
Project("{FAE04EC0-301F-11D3-BF4B-00C04F79EFBC}") = "UpdateItemAutoTranslation", "UpdateItemAutoTranslation.csproj", "{16A3DF17-FD2A-4A9A-8F3C-746F02B533BC}"
EndProject
Global
	GlobalSection(SolutionConfigurationPlatforms) = preSolution
		Debug|Any CPU = Debug|Any CPU
		Debug|x64 = Debug|x64
		Release|Any CPU = Release|Any CPU
		Release|x64 = Release|x64
	EndGlobalSection
	GlobalSection(ProjectConfigurationPlatforms) = postSolution
		{16A3DF17-FD2A-4A9A-8F3C-746F02B533BC}.Debug|Any CPU.ActiveCfg = Debug|Any CPU
		{16A3DF17-FD2A-4A9A-8F3C-746F02B533BC}.Debug|Any CPU.Build.0 = Debug|Any CPU
		{16A3DF17-FD2A-4A9A-8F3C-746F02B533BC}.Debug|x64.ActiveCfg = Debug|x64
		{16A3DF17-FD2A-4A9A-8F3C-746F02B533BC}.Debug|x64.Build.0 = Debug|x64
		{16A3DF17-FD2A-4A9A-8F3C-746F02B533BC}.Release|Any CPU.ActiveCfg = Release|Any CPU
		{16A3DF17-FD2A-4A9A-8F3C-746F02B533BC}.Release|Any CPU.Build.0 = Release|Any CPU
		{16A3DF17-FD2A-4A9A-8F3C-746F02B533BC}.Release|x64.ActiveCfg = Release|x64
		{16A3DF17-FD2A-4A9A-8F3C-746F02B533BC}.Release|x64.Build.0 = Release|x64
	EndGlobalSection
	GlobalSection(SolutionProperties) = preSolution
		HideSolutionNode = FALSE
	EndGlobalSection
EndGlobal
